// !$*UTF8*$!
{
	archiveVersion = 1;
	classes = {
	};
	objectVersion = 50;
	objects = {

/* Begin PBXBuildFile section */
		2723332927E0519200E24071 /* HomeScene+.swift in Sources */ = {isa = PBXBuildFile; fileRef = 2723332827E0519200E24071 /* HomeScene+.swift */; };
		2723332C27E052C100E24071 /* HomeViewModel.swift in Sources */ = {isa = PBXBuildFile; fileRef = 2723332B27E052C100E24071 /* HomeViewModel.swift */; };
		2723332E27E066AE00E24071 /* CityViewModel.swift in Sources */ = {isa = PBXBuildFile; fileRef = 2723332D27E066AE00E24071 /* CityViewModel.swift */; };
		273AFE8927DF752900AD3534 /* HeaderLabel.swift in Sources */ = {isa = PBXBuildFile; fileRef = 273AFE8827DF752900AD3534 /* HeaderLabel.swift */; };
		273AFE8B27DF82A200AD3534 /* HeaderView.swift in Sources */ = {isa = PBXBuildFile; fileRef = 273AFE8A27DF82A200AD3534 /* HeaderView.swift */; };
		273AFE8D27DF8C4F00AD3534 /* UITableView+.swift in Sources */ = {isa = PBXBuildFile; fileRef = 273AFE8C27DF8C4F00AD3534 /* UITableView+.swift */; };
		274B5DA0255FA26000DEB0B5 /* SettingsViewController.swift in Sources */ = {isa = PBXBuildFile; fileRef = 274B5D9F255FA26000DEB0B5 /* SettingsViewController.swift */; };
		274B5DA5255FCB8500DEB0B5 /* help.html in Resources */ = {isa = PBXBuildFile; fileRef = 274B5DA4255FCB8500DEB0B5 /* help.html */; };
		274B5DAA255FCC6600DEB0B5 /* HelpViewController.swift in Sources */ = {isa = PBXBuildFile; fileRef = 274B5DA9255FCC6600DEB0B5 /* HelpViewController.swift */; };
		274B886E255CEE0C00F57966 /* AppDelegate.swift in Sources */ = {isa = PBXBuildFile; fileRef = 274B886D255CEE0C00F57966 /* AppDelegate.swift */; };
		274B8870255CEE0C00F57966 /* SceneDelegate.swift in Sources */ = {isa = PBXBuildFile; fileRef = 274B886F255CEE0C00F57966 /* SceneDelegate.swift */; };
		274B8875255CEE0C00F57966 /* Main.storyboard in Resources */ = {isa = PBXBuildFile; fileRef = 274B8873255CEE0C00F57966 /* Main.storyboard */; };
		274B8878255CEE0C00F57966 /* Favourite_Map.xcdatamodeld in Sources */ = {isa = PBXBuildFile; fileRef = 274B8876255CEE0C00F57966 /* Favourite_Map.xcdatamodeld */; };
		274B887A255CEE0D00F57966 /* Assets.xcassets in Resources */ = {isa = PBXBuildFile; fileRef = 274B8879255CEE0D00F57966 /* Assets.xcassets */; };
		274B887D255CEE0D00F57966 /* LaunchScreen.storyboard in Resources */ = {isa = PBXBuildFile; fileRef = 274B887B255CEE0D00F57966 /* LaunchScreen.storyboard */; };
		274B8888255CEE0D00F57966 /* WeatherAPITests.swift in Sources */ = {isa = PBXBuildFile; fileRef = 274B8887255CEE0D00F57966 /* WeatherAPITests.swift */; };
		274B88B1255CEFD700F57966 /* MapViewController.swift in Sources */ = {isa = PBXBuildFile; fileRef = 274B88B0255CEFD700F57966 /* MapViewController.swift */; };
		274B88CA255D28C700F57966 /* HomeViewController.swift in Sources */ = {isa = PBXBuildFile; fileRef = 274B88C9255D28C700F57966 /* HomeViewController.swift */; };
		274B88CF255D47B800F57966 /* SearchResultsViewController.swift in Sources */ = {isa = PBXBuildFile; fileRef = 274B88CE255D47B800F57966 /* SearchResultsViewController.swift */; };
		274B88D5255D60DA00F57966 /* Location.swift in Sources */ = {isa = PBXBuildFile; fileRef = 274B88D4255D60DA00F57966 /* Location.swift */; };
		274B88DD255D9BD900F57966 /* WeatherAPI.swift in Sources */ = {isa = PBXBuildFile; fileRef = 274B88DC255D9BD900F57966 /* WeatherAPI.swift */; };
		274B88E5255DA07200F57966 /* UserDefaults+.swift in Sources */ = {isa = PBXBuildFile; fileRef = 274B88E4255DA07200F57966 /* UserDefaults+.swift */; };
		274B88EC255DB0EA00F57966 /* CoreDataStack.swift in Sources */ = {isa = PBXBuildFile; fileRef = 274B88EB255DB0EA00F57966 /* CoreDataStack.swift */; };
		275F25AF27DF1841002FF051 /* DayCell.swift in Sources */ = {isa = PBXBuildFile; fileRef = 275F25AE27DF1841002FF051 /* DayCell.swift */; };
		275F25B227DF19C2002FF051 /* Date+.swift in Sources */ = {isa = PBXBuildFile; fileRef = 275F25B127DF19C2002FF051 /* Date+.swift */; };
		275F25B427DF28D7002FF051 /* String+.swift in Sources */ = {isa = PBXBuildFile; fileRef = 275F25B327DF28D7002FF051 /* String+.swift */; };
		276545F52A80C6FE00F6DF15 /* MapViewViewModel.swift in Sources */ = {isa = PBXBuildFile; fileRef = 276545F42A80C6FE00F6DF15 /* MapViewViewModel.swift */; };
		276545F82A80CDF200F6DF15 /* FloatingActionButton.swift in Sources */ = {isa = PBXBuildFile; fileRef = 276545F72A80CDF200F6DF15 /* FloatingActionButton.swift */; };
		27E90743255E518100B38AB9 /* BookMarkedLocation+.swift in Sources */ = {isa = PBXBuildFile; fileRef = 27E90742255E518100B38AB9 /* BookMarkedLocation+.swift */; };
		27E90748255E7C9D00B38AB9 /* Forecast.swift in Sources */ = {isa = PBXBuildFile; fileRef = 27E90747255E7C9C00B38AB9 /* Forecast.swift */; };
		27E90750255E817E00B38AB9 /* CityViewController.swift in Sources */ = {isa = PBXBuildFile; fileRef = 27E9074F255E817E00B38AB9 /* CityViewController.swift */; };
		27E9075B255EA38A00B38AB9 /* ViewController+.swift in Sources */ = {isa = PBXBuildFile; fileRef = 27E9075A255EA38A00B38AB9 /* ViewController+.swift */; };
		27F770C92562549A00176D1F /* TestCoreDataStack.swift in Sources */ = {isa = PBXBuildFile; fileRef = 27F770C82562549A00176D1F /* TestCoreDataStack.swift */; };
		27F770CE2562589B00176D1F /* BookmarkedLocationTests.swift in Sources */ = {isa = PBXBuildFile; fileRef = 27F770CD2562589B00176D1F /* BookmarkedLocationTests.swift */; };
		27F770D62562781700176D1F /* HomeViewControllerTests.swift in Sources */ = {isa = PBXBuildFile; fileRef = 27F770D52562781700176D1F /* HomeViewControllerTests.swift */; };
/* End PBXBuildFile section */

/* Begin PBXContainerItemProxy section */
		274B8884255CEE0D00F57966 /* PBXContainerItemProxy */ = {
			isa = PBXContainerItemProxy;
			containerPortal = 274B8862255CEE0C00F57966 /* Project object */;
			proxyType = 1;
			remoteGlobalIDString = 274B8869255CEE0C00F57966;
			remoteInfo = "Favourite Map";
		};
		274B888F255CEE0D00F57966 /* PBXContainerItemProxy */ = {
			isa = PBXContainerItemProxy;
			containerPortal = 274B8862255CEE0C00F57966 /* Project object */;
			proxyType = 1;
			remoteGlobalIDString = 274B8869255CEE0C00F57966;
			remoteInfo = "Favourite Map";
		};
/* End PBXContainerItemProxy section */

/* Begin PBXFileReference section */
		2723332827E0519200E24071 /* HomeScene+.swift */ = {isa = PBXFileReference; lastKnownFileType = sourcecode.swift; path = "HomeScene+.swift"; sourceTree = "<group>"; };
		2723332B27E052C100E24071 /* HomeViewModel.swift */ = {isa = PBXFileReference; lastKnownFileType = sourcecode.swift; path = HomeViewModel.swift; sourceTree = "<group>"; };
		2723332D27E066AE00E24071 /* CityViewModel.swift */ = {isa = PBXFileReference; lastKnownFileType = sourcecode.swift; path = CityViewModel.swift; sourceTree = "<group>"; };
		273AFE8827DF752900AD3534 /* HeaderLabel.swift */ = {isa = PBXFileReference; lastKnownFileType = sourcecode.swift; path = HeaderLabel.swift; sourceTree = "<group>"; };
		273AFE8A27DF82A200AD3534 /* HeaderView.swift */ = {isa = PBXFileReference; lastKnownFileType = sourcecode.swift; path = HeaderView.swift; sourceTree = "<group>"; };
		273AFE8C27DF8C4F00AD3534 /* UITableView+.swift */ = {isa = PBXFileReference; lastKnownFileType = sourcecode.swift; path = "UITableView+.swift"; sourceTree = "<group>"; };
		274B5D9F255FA26000DEB0B5 /* SettingsViewController.swift */ = {isa = PBXFileReference; lastKnownFileType = sourcecode.swift; path = SettingsViewController.swift; sourceTree = "<group>"; };
		274B5DA4255FCB8500DEB0B5 /* help.html */ = {isa = PBXFileReference; lastKnownFileType = text.html; path = help.html; sourceTree = "<group>"; };
		274B5DA9255FCC6600DEB0B5 /* HelpViewController.swift */ = {isa = PBXFileReference; lastKnownFileType = sourcecode.swift; path = HelpViewController.swift; sourceTree = "<group>"; };
		274B886A255CEE0C00F57966 /* Favourite Map.app */ = {isa = PBXFileReference; explicitFileType = wrapper.application; includeInIndex = 0; path = "Favourite Map.app"; sourceTree = BUILT_PRODUCTS_DIR; };
		274B886D255CEE0C00F57966 /* AppDelegate.swift */ = {isa = PBXFileReference; lastKnownFileType = sourcecode.swift; path = AppDelegate.swift; sourceTree = "<group>"; };
		274B886F255CEE0C00F57966 /* SceneDelegate.swift */ = {isa = PBXFileReference; lastKnownFileType = sourcecode.swift; path = SceneDelegate.swift; sourceTree = "<group>"; };
		274B8874255CEE0C00F57966 /* Base */ = {isa = PBXFileReference; lastKnownFileType = file.storyboard; name = Base; path = Base.lproj/Main.storyboard; sourceTree = "<group>"; };
		274B8877255CEE0C00F57966 /* Favourite_Map.xcdatamodel */ = {isa = PBXFileReference; lastKnownFileType = wrapper.xcdatamodel; path = Favourite_Map.xcdatamodel; sourceTree = "<group>"; };
		274B8879255CEE0D00F57966 /* Assets.xcassets */ = {isa = PBXFileReference; lastKnownFileType = folder.assetcatalog; path = Assets.xcassets; sourceTree = "<group>"; };
		274B887C255CEE0D00F57966 /* Base */ = {isa = PBXFileReference; lastKnownFileType = file.storyboard; name = Base; path = Base.lproj/LaunchScreen.storyboard; sourceTree = "<group>"; };
		274B887E255CEE0D00F57966 /* Info.plist */ = {isa = PBXFileReference; lastKnownFileType = text.plist.xml; path = Info.plist; sourceTree = "<group>"; };
		274B8883255CEE0D00F57966 /* Favourite MapTests.xctest */ = {isa = PBXFileReference; explicitFileType = wrapper.cfbundle; includeInIndex = 0; path = "Favourite MapTests.xctest"; sourceTree = BUILT_PRODUCTS_DIR; };
		274B8887255CEE0D00F57966 /* WeatherAPITests.swift */ = {isa = PBXFileReference; lastKnownFileType = sourcecode.swift; path = WeatherAPITests.swift; sourceTree = "<group>"; };
		274B8889255CEE0D00F57966 /* Info.plist */ = {isa = PBXFileReference; lastKnownFileType = text.plist.xml; path = Info.plist; sourceTree = "<group>"; };
		274B888E255CEE0D00F57966 /* Favourite MapUITests.xctest */ = {isa = PBXFileReference; explicitFileType = wrapper.cfbundle; includeInIndex = 0; path = "Favourite MapUITests.xctest"; sourceTree = BUILT_PRODUCTS_DIR; };
		274B8894255CEE0D00F57966 /* Info.plist */ = {isa = PBXFileReference; lastKnownFileType = text.plist.xml; path = Info.plist; sourceTree = "<group>"; };
		274B88B0255CEFD700F57966 /* MapViewController.swift */ = {isa = PBXFileReference; lastKnownFileType = sourcecode.swift; path = MapViewController.swift; sourceTree = "<group>"; };
		274B88C9255D28C700F57966 /* HomeViewController.swift */ = {isa = PBXFileReference; lastKnownFileType = sourcecode.swift; path = HomeViewController.swift; sourceTree = "<group>"; };
		274B88CE255D47B800F57966 /* SearchResultsViewController.swift */ = {isa = PBXFileReference; lastKnownFileType = sourcecode.swift; path = SearchResultsViewController.swift; sourceTree = "<group>"; };
		274B88D4255D60DA00F57966 /* Location.swift */ = {isa = PBXFileReference; lastKnownFileType = sourcecode.swift; path = Location.swift; sourceTree = "<group>"; };
		274B88DC255D9BD900F57966 /* WeatherAPI.swift */ = {isa = PBXFileReference; lastKnownFileType = sourcecode.swift; path = WeatherAPI.swift; sourceTree = "<group>"; };
		274B88E4255DA07200F57966 /* UserDefaults+.swift */ = {isa = PBXFileReference; lastKnownFileType = sourcecode.swift; path = "UserDefaults+.swift"; sourceTree = "<group>"; };
		274B88EB255DB0EA00F57966 /* CoreDataStack.swift */ = {isa = PBXFileReference; lastKnownFileType = sourcecode.swift; path = CoreDataStack.swift; sourceTree = "<group>"; };
		275F25AE27DF1841002FF051 /* DayCell.swift */ = {isa = PBXFileReference; lastKnownFileType = sourcecode.swift; path = DayCell.swift; sourceTree = "<group>"; };
		275F25B127DF19C2002FF051 /* Date+.swift */ = {isa = PBXFileReference; lastKnownFileType = sourcecode.swift; path = "Date+.swift"; sourceTree = "<group>"; };
		275F25B327DF28D7002FF051 /* String+.swift */ = {isa = PBXFileReference; lastKnownFileType = sourcecode.swift; path = "String+.swift"; sourceTree = "<group>"; };
		276545F42A80C6FE00F6DF15 /* MapViewViewModel.swift */ = {isa = PBXFileReference; lastKnownFileType = sourcecode.swift; path = MapViewViewModel.swift; sourceTree = "<group>"; };
		276545F72A80CDF200F6DF15 /* FloatingActionButton.swift */ = {isa = PBXFileReference; lastKnownFileType = sourcecode.swift; path = FloatingActionButton.swift; sourceTree = "<group>"; };
		27E90742255E518100B38AB9 /* BookMarkedLocation+.swift */ = {isa = PBXFileReference; lastKnownFileType = sourcecode.swift; path = "BookMarkedLocation+.swift"; sourceTree = "<group>"; };
		27E90747255E7C9C00B38AB9 /* Forecast.swift */ = {isa = PBXFileReference; lastKnownFileType = sourcecode.swift; path = Forecast.swift; sourceTree = "<group>"; };
		27E9074F255E817E00B38AB9 /* CityViewController.swift */ = {isa = PBXFileReference; lastKnownFileType = sourcecode.swift; path = CityViewController.swift; sourceTree = "<group>"; };
		27E9075A255EA38A00B38AB9 /* ViewController+.swift */ = {isa = PBXFileReference; lastKnownFileType = sourcecode.swift; path = "ViewController+.swift"; sourceTree = "<group>"; };
		27F770C82562549A00176D1F /* TestCoreDataStack.swift */ = {isa = PBXFileReference; lastKnownFileType = sourcecode.swift; path = TestCoreDataStack.swift; sourceTree = "<group>"; };
		27F770CD2562589B00176D1F /* BookmarkedLocationTests.swift */ = {isa = PBXFileReference; lastKnownFileType = sourcecode.swift; path = BookmarkedLocationTests.swift; sourceTree = "<group>"; };
		27F770D52562781700176D1F /* HomeViewControllerTests.swift */ = {isa = PBXFileReference; lastKnownFileType = sourcecode.swift; path = HomeViewControllerTests.swift; sourceTree = "<group>"; };
/* End PBXFileReference section */

/* Begin PBXFrameworksBuildPhase section */
		274B8867255CEE0C00F57966 /* Frameworks */ = {
			isa = PBXFrameworksBuildPhase;
			buildActionMask = 2147483647;
			files = (
			);
			runOnlyForDeploymentPostprocessing = 0;
		};
		274B8880255CEE0D00F57966 /* Frameworks */ = {
			isa = PBXFrameworksBuildPhase;
			buildActionMask = 2147483647;
			files = (
			);
			runOnlyForDeploymentPostprocessing = 0;
		};
		274B888B255CEE0D00F57966 /* Frameworks */ = {
			isa = PBXFrameworksBuildPhase;
			buildActionMask = 2147483647;
			files = (
			);
			runOnlyForDeploymentPostprocessing = 0;
		};
/* End PBXFrameworksBuildPhase section */

/* Begin PBXGroup section */
		2723332527E04FF600E24071 /* Scene */ = {
			isa = PBXGroup;
			children = (
				274B88B0255CEFD700F57966 /* MapViewController.swift */,
				274B88C9255D28C700F57966 /* HomeViewController.swift */,
				274B88CE255D47B800F57966 /* SearchResultsViewController.swift */,
				27E9074F255E817E00B38AB9 /* CityViewController.swift */,
				27E9075A255EA38A00B38AB9 /* ViewController+.swift */,
				274B5D9F255FA26000DEB0B5 /* SettingsViewController.swift */,
				274B5DA9255FCC6600DEB0B5 /* HelpViewController.swift */,
				2723332827E0519200E24071 /* HomeScene+.swift */,
			);
			path = Scene;
			sourceTree = "<group>";
		};
		2723332627E0503200E24071 /* Cell */ = {
			isa = PBXGroup;
			children = (
				275F25AE27DF1841002FF051 /* DayCell.swift */,
				273AFE8A27DF82A200AD3534 /* HeaderView.swift */,
			);
			path = Cell;
			sourceTree = "<group>";
		};
		2723332727E0505800E24071 /* Custom */ = {
			isa = PBXGroup;
			children = (
				273AFE8827DF752900AD3534 /* HeaderLabel.swift */,
			);
			path = Custom;
			sourceTree = "<group>";
		};
		2723332A27E052A600E24071 /* ViewModel */ = {
			isa = PBXGroup;
			children = (
				2723332B27E052C100E24071 /* HomeViewModel.swift */,
				2723332D27E066AE00E24071 /* CityViewModel.swift */,
				276545F42A80C6FE00F6DF15 /* MapViewViewModel.swift */,
			);
			path = ViewModel;
			sourceTree = "<group>";
		};
		274B8861255CEE0C00F57966 = {
			isa = PBXGroup;
			children = (
				274B886C255CEE0C00F57966 /* Favourite Map */,
				274B8886255CEE0D00F57966 /* Favourite MapTests */,
				274B8891255CEE0D00F57966 /* Favourite MapUITests */,
				274B886B255CEE0C00F57966 /* Products */,
			);
			sourceTree = "<group>";
		};
		274B886B255CEE0C00F57966 /* Products */ = {
			isa = PBXGroup;
			children = (
				274B886A255CEE0C00F57966 /* Favourite Map.app */,
				274B8883255CEE0D00F57966 /* Favourite MapTests.xctest */,
				274B888E255CEE0D00F57966 /* Favourite MapUITests.xctest */,
			);
			name = Products;
			sourceTree = "<group>";
		};
		274B886C255CEE0C00F57966 /* Favourite Map */ = {
			isa = PBXGroup;
			children = (
				276545F62A80C82600F6DF15 /* SwiftUI */,
				27E90754255E870300B38AB9 /* View */,
				2723332A27E052A600E24071 /* ViewModel */,
				274B88D3255D60BA00F57966 /* Model */,
				274B88A7255CEF6700F57966 /* AppDelegate */,
				274B88BE255D02E500F57966 /* Resources */,
			);
			path = "Favourite Map";
			sourceTree = "<group>";
		};
		274B8886255CEE0D00F57966 /* Favourite MapTests */ = {
			isa = PBXGroup;
			children = (
				274B8887255CEE0D00F57966 /* WeatherAPITests.swift */,
				274B8889255CEE0D00F57966 /* Info.plist */,
				27F770C82562549A00176D1F /* TestCoreDataStack.swift */,
				27F770CD2562589B00176D1F /* BookmarkedLocationTests.swift */,
			);
			path = "Favourite MapTests";
			sourceTree = "<group>";
		};
		274B8891255CEE0D00F57966 /* Favourite MapUITests */ = {
			isa = PBXGroup;
			children = (
				274B8894255CEE0D00F57966 /* Info.plist */,
				27F770D52562781700176D1F /* HomeViewControllerTests.swift */,
			);
			path = "Favourite MapUITests";
			sourceTree = "<group>";
		};
		274B88A7255CEF6700F57966 /* AppDelegate */ = {
			isa = PBXGroup;
			children = (
				274B886D255CEE0C00F57966 /* AppDelegate.swift */,
				274B886F255CEE0C00F57966 /* SceneDelegate.swift */,
			);
			path = AppDelegate;
			sourceTree = "<group>";
		};
		274B88BE255D02E500F57966 /* Resources */ = {
			isa = PBXGroup;
			children = (
				274B8873255CEE0C00F57966 /* Main.storyboard */,
				274B887B255CEE0D00F57966 /* LaunchScreen.storyboard */,
				274B8879255CEE0D00F57966 /* Assets.xcassets */,
				274B887E255CEE0D00F57966 /* Info.plist */,
				274B8876255CEE0C00F57966 /* Favourite_Map.xcdatamodeld */,
				274B5DA4255FCB8500DEB0B5 /* help.html */,
			);
			path = Resources;
			sourceTree = "<group>";
		};
		274B88D3255D60BA00F57966 /* Model */ = {
			isa = PBXGroup;
			children = (
				275F25B027DF19A8002FF051 /* Util */,
				274B88D4255D60DA00F57966 /* Location.swift */,
				27E90742255E518100B38AB9 /* BookMarkedLocation+.swift */,
				27E90747255E7C9C00B38AB9 /* Forecast.swift */,
			);
			path = Model;
			sourceTree = "<group>";
		};
		275F25B027DF19A8002FF051 /* Util */ = {
			isa = PBXGroup;
			children = (
				274B88EB255DB0EA00F57966 /* CoreDataStack.swift */,
				275F25B127DF19C2002FF051 /* Date+.swift */,
				275F25B327DF28D7002FF051 /* String+.swift */,
				274B88E4255DA07200F57966 /* UserDefaults+.swift */,
				274B88DC255D9BD900F57966 /* WeatherAPI.swift */,
			);
			path = Util;
			sourceTree = "<group>";
		};
		276545F62A80C82600F6DF15 /* SwiftUI */ = {
			isa = PBXGroup;
			children = (
				276545F72A80CDF200F6DF15 /* FloatingActionButton.swift */,
			);
			path = SwiftUI;
			sourceTree = "<group>";
		};
		27E90754255E870300B38AB9 /* View */ = {
			isa = PBXGroup;
			children = (
				2723332627E0503200E24071 /* Cell */,
				2723332527E04FF600E24071 /* Scene */,
				2723332727E0505800E24071 /* Custom */,
				273AFE8C27DF8C4F00AD3534 /* UITableView+.swift */,
			);
			path = View;
			sourceTree = "<group>";
		};
/* End PBXGroup section */

/* Begin PBXNativeTarget section */
		274B8869255CEE0C00F57966 /* Favourite Map */ = {
			isa = PBXNativeTarget;
			buildConfigurationList = 274B8897255CEE0D00F57966 /* Build configuration list for PBXNativeTarget "Favourite Map" */;
			buildPhases = (
				274B8866255CEE0C00F57966 /* Sources */,
				274B8867255CEE0C00F57966 /* Frameworks */,
				274B8868255CEE0C00F57966 /* Resources */,
			);
			buildRules = (
			);
			dependencies = (
			);
			name = "Favourite Map";
			productName = "Favourite Map";
			productReference = 274B886A255CEE0C00F57966 /* Favourite Map.app */;
			productType = "com.apple.product-type.application";
		};
		274B8882255CEE0D00F57966 /* Favourite MapTests */ = {
			isa = PBXNativeTarget;
			buildConfigurationList = 274B889A255CEE0D00F57966 /* Build configuration list for PBXNativeTarget "Favourite MapTests" */;
			buildPhases = (
				274B887F255CEE0D00F57966 /* Sources */,
				274B8880255CEE0D00F57966 /* Frameworks */,
				274B8881255CEE0D00F57966 /* Resources */,
			);
			buildRules = (
			);
			dependencies = (
				274B8885255CEE0D00F57966 /* PBXTargetDependency */,
			);
			name = "Favourite MapTests";
			productName = "Favourite MapTests";
			productReference = 274B8883255CEE0D00F57966 /* Favourite MapTests.xctest */;
			productType = "com.apple.product-type.bundle.unit-test";
		};
		274B888D255CEE0D00F57966 /* Favourite MapUITests */ = {
			isa = PBXNativeTarget;
			buildConfigurationList = 274B889D255CEE0D00F57966 /* Build configuration list for PBXNativeTarget "Favourite MapUITests" */;
			buildPhases = (
				274B888A255CEE0D00F57966 /* Sources */,
				274B888B255CEE0D00F57966 /* Frameworks */,
				274B888C255CEE0D00F57966 /* Resources */,
			);
			buildRules = (
			);
			dependencies = (
				274B8890255CEE0D00F57966 /* PBXTargetDependency */,
			);
			name = "Favourite MapUITests";
			productName = "Favourite MapUITests";
			productReference = 274B888E255CEE0D00F57966 /* Favourite MapUITests.xctest */;
			productType = "com.apple.product-type.bundle.ui-testing";
		};
/* End PBXNativeTarget section */

/* Begin PBXProject section */
		274B8862255CEE0C00F57966 /* Project object */ = {
			isa = PBXProject;
			attributes = {
				LastSwiftUpdateCheck = 1200;
				LastUpgradeCheck = 1200;
				TargetAttributes = {
					274B8869255CEE0C00F57966 = {
						CreatedOnToolsVersion = 12.0;
					};
					274B8882255CEE0D00F57966 = {
						CreatedOnToolsVersion = 12.0;
						TestTargetID = 274B8869255CEE0C00F57966;
					};
					274B888D255CEE0D00F57966 = {
						CreatedOnToolsVersion = 12.0;
						TestTargetID = 274B8869255CEE0C00F57966;
					};
				};
			};
			buildConfigurationList = 274B8865255CEE0C00F57966 /* Build configuration list for PBXProject "Favourite Map" */;
			compatibilityVersion = "Xcode 9.3";
			developmentRegion = en;
			hasScannedForEncodings = 0;
			knownRegions = (
				en,
				Base,
			);
			mainGroup = 274B8861255CEE0C00F57966;
			productRefGroup = 274B886B255CEE0C00F57966 /* Products */;
			projectDirPath = "";
			projectRoot = "";
			targets = (
				274B8869255CEE0C00F57966 /* Favourite Map */,
				274B8882255CEE0D00F57966 /* Favourite MapTests */,
				274B888D255CEE0D00F57966 /* Favourite MapUITests */,
			);
		};
/* End PBXProject section */

/* Begin PBXResourcesBuildPhase section */
		274B8868255CEE0C00F57966 /* Resources */ = {
			isa = PBXResourcesBuildPhase;
			buildActionMask = 2147483647;
			files = (
				274B887D255CEE0D00F57966 /* LaunchScreen.storyboard in Resources */,
				274B5DA5255FCB8500DEB0B5 /* help.html in Resources */,
				274B887A255CEE0D00F57966 /* Assets.xcassets in Resources */,
				274B8875255CEE0C00F57966 /* Main.storyboard in Resources */,
			);
			runOnlyForDeploymentPostprocessing = 0;
		};
		274B8881255CEE0D00F57966 /* Resources */ = {
			isa = PBXResourcesBuildPhase;
			buildActionMask = 2147483647;
			files = (
			);
			runOnlyForDeploymentPostprocessing = 0;
		};
		274B888C255CEE0D00F57966 /* Resources */ = {
			isa = PBXResourcesBuildPhase;
			buildActionMask = 2147483647;
			files = (
			);
			runOnlyForDeploymentPostprocessing = 0;
		};
/* End PBXResourcesBuildPhase section */

/* Begin PBXSourcesBuildPhase section */
		274B8866255CEE0C00F57966 /* Sources */ = {
			isa = PBXSourcesBuildPhase;
			buildActionMask = 2147483647;
			files = (
				274B88CA255D28C700F57966 /* HomeViewController.swift in Sources */,
				27E9075B255EA38A00B38AB9 /* ViewController+.swift in Sources */,
				276545F52A80C6FE00F6DF15 /* MapViewViewModel.swift in Sources */,
				27E90750255E817E00B38AB9 /* CityViewController.swift in Sources */,
				2723332927E0519200E24071 /* HomeScene+.swift in Sources */,
				274B88CF255D47B800F57966 /* SearchResultsViewController.swift in Sources */,
				274B8878255CEE0C00F57966 /* Favourite_Map.xcdatamodeld in Sources */,
				275F25B427DF28D7002FF051 /* String+.swift in Sources */,
				274B886E255CEE0C00F57966 /* AppDelegate.swift in Sources */,
				27E90748255E7C9D00B38AB9 /* Forecast.swift in Sources */,
				274B5DA0255FA26000DEB0B5 /* SettingsViewController.swift in Sources */,
				275F25AF27DF1841002FF051 /* DayCell.swift in Sources */,
				2723332E27E066AE00E24071 /* CityViewModel.swift in Sources */,
				275F25B227DF19C2002FF051 /* Date+.swift in Sources */,
				274B8870255CEE0C00F57966 /* SceneDelegate.swift in Sources */,
				274B88EC255DB0EA00F57966 /* CoreDataStack.swift in Sources */,
				276545F82A80CDF200F6DF15 /* FloatingActionButton.swift in Sources */,
				273AFE8B27DF82A200AD3534 /* HeaderView.swift in Sources */,
				274B5DAA255FCC6600DEB0B5 /* HelpViewController.swift in Sources */,
				273AFE8D27DF8C4F00AD3534 /* UITableView+.swift in Sources */,
				274B88DD255D9BD900F57966 /* WeatherAPI.swift in Sources */,
				274B88B1255CEFD700F57966 /* MapViewController.swift in Sources */,
				2723332C27E052C100E24071 /* HomeViewModel.swift in Sources */,
				274B88E5255DA07200F57966 /* UserDefaults+.swift in Sources */,
				273AFE8927DF752900AD3534 /* HeaderLabel.swift in Sources */,
				27E90743255E518100B38AB9 /* BookMarkedLocation+.swift in Sources */,
				274B88D5255D60DA00F57966 /* Location.swift in Sources */,
			);
			runOnlyForDeploymentPostprocessing = 0;
		};
		274B887F255CEE0D00F57966 /* Sources */ = {
			isa = PBXSourcesBuildPhase;
			buildActionMask = 2147483647;
			files = (
				274B8888255CEE0D00F57966 /* WeatherAPITests.swift in Sources */,
				27F770C92562549A00176D1F /* TestCoreDataStack.swift in Sources */,
				27F770CE2562589B00176D1F /* BookmarkedLocationTests.swift in Sources */,
			);
			runOnlyForDeploymentPostprocessing = 0;
		};
		274B888A255CEE0D00F57966 /* Sources */ = {
			isa = PBXSourcesBuildPhase;
			buildActionMask = 2147483647;
			files = (
				27F770D62562781700176D1F /* HomeViewControllerTests.swift in Sources */,
			);
			runOnlyForDeploymentPostprocessing = 0;
		};
/* End PBXSourcesBuildPhase section */

/* Begin PBXTargetDependency section */
		274B8885255CEE0D00F57966 /* PBXTargetDependency */ = {
			isa = PBXTargetDependency;
			target = 274B8869255CEE0C00F57966 /* Favourite Map */;
			targetProxy = 274B8884255CEE0D00F57966 /* PBXContainerItemProxy */;
		};
		274B8890255CEE0D00F57966 /* PBXTargetDependency */ = {
			isa = PBXTargetDependency;
			target = 274B8869255CEE0C00F57966 /* Favourite Map */;
			targetProxy = 274B888F255CEE0D00F57966 /* PBXContainerItemProxy */;
		};
/* End PBXTargetDependency section */

/* Begin PBXVariantGroup section */
		274B8873255CEE0C00F57966 /* Main.storyboard */ = {
			isa = PBXVariantGroup;
			children = (
				274B8874255CEE0C00F57966 /* Base */,
			);
			name = Main.storyboard;
			sourceTree = "<group>";
		};
		274B887B255CEE0D00F57966 /* LaunchScreen.storyboard */ = {
			isa = PBXVariantGroup;
			children = (
				274B887C255CEE0D00F57966 /* Base */,
			);
			name = LaunchScreen.storyboard;
			sourceTree = "<group>";
		};
/* End PBXVariantGroup section */

/* Begin XCBuildConfiguration section */
		274B8895255CEE0D00F57966 /* Debug */ = {
			isa = XCBuildConfiguration;
			buildSettings = {
				ALWAYS_SEARCH_USER_PATHS = NO;
				CLANG_ANALYZER_NONNULL = YES;
				CLANG_ANALYZER_NUMBER_OBJECT_CONVERSION = YES_AGGRESSIVE;
				CLANG_CXX_LANGUAGE_STANDARD = "gnu++14";
				CLANG_CXX_LIBRARY = "libc++";
				CLANG_ENABLE_MODULES = YES;
				CLANG_ENABLE_OBJC_ARC = YES;
				CLANG_ENABLE_OBJC_WEAK = YES;
				CLANG_WARN_BLOCK_CAPTURE_AUTORELEASING = YES;
				CLANG_WARN_BOOL_CONVERSION = YES;
				CLANG_WARN_COMMA = YES;
				CLANG_WARN_CONSTANT_CONVERSION = YES;
				CLANG_WARN_DEPRECATED_OBJC_IMPLEMENTATIONS = YES;
				CLANG_WARN_DIRECT_OBJC_ISA_USAGE = YES_ERROR;
				CLANG_WARN_DOCUMENTATION_COMMENTS = YES;
				CLANG_WARN_EMPTY_BODY = YES;
				CLANG_WARN_ENUM_CONVERSION = YES;
				CLANG_WARN_INFINITE_RECURSION = YES;
				CLANG_WARN_INT_CONVERSION = YES;
				CLANG_WARN_NON_LITERAL_NULL_CONVERSION = YES;
				CLANG_WARN_OBJC_IMPLICIT_RETAIN_SELF = YES;
				CLANG_WARN_OBJC_LITERAL_CONVERSION = YES;
				CLANG_WARN_OBJC_ROOT_CLASS = YES_ERROR;
				CLANG_WARN_QUOTED_INCLUDE_IN_FRAMEWORK_HEADER = YES;
				CLANG_WARN_RANGE_LOOP_ANALYSIS = YES;
				CLANG_WARN_STRICT_PROTOTYPES = YES;
				CLANG_WARN_SUSPICIOUS_MOVE = YES;
				CLANG_WARN_UNGUARDED_AVAILABILITY = YES_AGGRESSIVE;
				CLANG_WARN_UNREACHABLE_CODE = YES;
				CLANG_WARN__DUPLICATE_METHOD_MATCH = YES;
				COPY_PHASE_STRIP = NO;
				DEBUG_INFORMATION_FORMAT = dwarf;
				ENABLE_STRICT_OBJC_MSGSEND = YES;
				ENABLE_TESTABILITY = YES;
				GCC_C_LANGUAGE_STANDARD = gnu11;
				GCC_DYNAMIC_NO_PIC = NO;
				GCC_NO_COMMON_BLOCKS = YES;
				GCC_OPTIMIZATION_LEVEL = 0;
				GCC_PREPROCESSOR_DEFINITIONS = (
					"DEBUG=1",
					"$(inherited)",
				);
				GCC_WARN_64_TO_32_BIT_CONVERSION = YES;
				GCC_WARN_ABOUT_RETURN_TYPE = YES_ERROR;
				GCC_WARN_UNDECLARED_SELECTOR = YES;
				GCC_WARN_UNINITIALIZED_AUTOS = YES_AGGRESSIVE;
				GCC_WARN_UNUSED_FUNCTION = YES;
				GCC_WARN_UNUSED_VARIABLE = YES;
				IPHONEOS_DEPLOYMENT_TARGET = 14.0;
				MTL_ENABLE_DEBUG_INFO = INCLUDE_SOURCE;
				MTL_FAST_MATH = YES;
				ONLY_ACTIVE_ARCH = YES;
				SDKROOT = iphoneos;
				SWIFT_ACTIVE_COMPILATION_CONDITIONS = DEBUG;
				SWIFT_OPTIMIZATION_LEVEL = "-Onone";
			};
			name = Debug;
		};
		274B8896255CEE0D00F57966 /* Release */ = {
			isa = XCBuildConfiguration;
			buildSettings = {
				ALWAYS_SEARCH_USER_PATHS = NO;
				CLANG_ANALYZER_NONNULL = YES;
				CLANG_ANALYZER_NUMBER_OBJECT_CONVERSION = YES_AGGRESSIVE;
				CLANG_CXX_LANGUAGE_STANDARD = "gnu++14";
				CLANG_CXX_LIBRARY = "libc++";
				CLANG_ENABLE_MODULES = YES;
				CLANG_ENABLE_OBJC_ARC = YES;
				CLANG_ENABLE_OBJC_WEAK = YES;
				CLANG_WARN_BLOCK_CAPTURE_AUTORELEASING = YES;
				CLANG_WARN_BOOL_CONVERSION = YES;
				CLANG_WARN_COMMA = YES;
				CLANG_WARN_CONSTANT_CONVERSION = YES;
				CLANG_WARN_DEPRECATED_OBJC_IMPLEMENTATIONS = YES;
				CLANG_WARN_DIRECT_OBJC_ISA_USAGE = YES_ERROR;
				CLANG_WARN_DOCUMENTATION_COMMENTS = YES;
				CLANG_WARN_EMPTY_BODY = YES;
				CLANG_WARN_ENUM_CONVERSION = YES;
				CLANG_WARN_INFINITE_RECURSION = YES;
				CLANG_WARN_INT_CONVERSION = YES;
				CLANG_WARN_NON_LITERAL_NULL_CONVERSION = YES;
				CLANG_WARN_OBJC_IMPLICIT_RETAIN_SELF = YES;
				CLANG_WARN_OBJC_LITERAL_CONVERSION = YES;
				CLANG_WARN_OBJC_ROOT_CLASS = YES_ERROR;
				CLANG_WARN_QUOTED_INCLUDE_IN_FRAMEWORK_HEADER = YES;
				CLANG_WARN_RANGE_LOOP_ANALYSIS = YES;
				CLANG_WARN_STRICT_PROTOTYPES = YES;
				CLANG_WARN_SUSPICIOUS_MOVE = YES;
				CLANG_WARN_UNGUARDED_AVAILABILITY = YES_AGGRESSIVE;
				CLANG_WARN_UNREACHABLE_CODE = YES;
				CLANG_WARN__DUPLICATE_METHOD_MATCH = YES;
				COPY_PHASE_STRIP = NO;
				DEBUG_INFORMATION_FORMAT = "dwarf-with-dsym";
				ENABLE_NS_ASSERTIONS = NO;
				ENABLE_STRICT_OBJC_MSGSEND = YES;
				GCC_C_LANGUAGE_STANDARD = gnu11;
				GCC_NO_COMMON_BLOCKS = YES;
				GCC_WARN_64_TO_32_BIT_CONVERSION = YES;
				GCC_WARN_ABOUT_RETURN_TYPE = YES_ERROR;
				GCC_WARN_UNDECLARED_SELECTOR = YES;
				GCC_WARN_UNINITIALIZED_AUTOS = YES_AGGRESSIVE;
				GCC_WARN_UNUSED_FUNCTION = YES;
				GCC_WARN_UNUSED_VARIABLE = YES;
				IPHONEOS_DEPLOYMENT_TARGET = 14.0;
				MTL_ENABLE_DEBUG_INFO = NO;
				MTL_FAST_MATH = YES;
				SDKROOT = iphoneos;
				SWIFT_COMPILATION_MODE = wholemodule;
				SWIFT_OPTIMIZATION_LEVEL = "-O";
				VALIDATE_PRODUCT = YES;
			};
			name = Release;
		};
		274B8898255CEE0D00F57966 /* Debug */ = {
			isa = XCBuildConfiguration;
			buildSettings = {
				ASSETCATALOG_COMPILER_APPICON_NAME = AppIcon;
				ASSETCATALOG_COMPILER_GLOBAL_ACCENT_COLOR_NAME = AccentColor;
				CODE_SIGN_STYLE = Automatic;
				DEVELOPMENT_TEAM = ST8VX96LAJ;
				INFOPLIST_FILE = "Favourite Map/Resources/Info.plist";
				IPHONEOS_DEPLOYMENT_TARGET = 15.0;
				LD_RUNPATH_SEARCH_PATHS = (
					"$(inherited)",
					"@executable_path/Frameworks",
				);
				PRODUCT_BUNDLE_IDENTIFIER = "mk.code.Favourite-Map";
				PRODUCT_NAME = "$(TARGET_NAME)";
				SWIFT_VERSION = 5.0;
				TARGETED_DEVICE_FAMILY = "1,2";
			};
			name = Debug;
		};
		274B8899255CEE0D00F57966 /* Release */ = {
			isa = XCBuildConfiguration;
			buildSettings = {
				ASSETCATALOG_COMPILER_APPICON_NAME = AppIcon;
				ASSETCATALOG_COMPILER_GLOBAL_ACCENT_COLOR_NAME = AccentColor;
				CODE_SIGN_STYLE = Automatic;
				DEVELOPMENT_TEAM = ST8VX96LAJ;
				INFOPLIST_FILE = "Favourite Map/Resources/Info.plist";
				IPHONEOS_DEPLOYMENT_TARGET = 15.0;
				LD_RUNPATH_SEARCH_PATHS = (
					"$(inherited)",
					"@executable_path/Frameworks",
				);
				PRODUCT_BUNDLE_IDENTIFIER = "mk.code.Favourite-Map";
				PRODUCT_NAME = "$(TARGET_NAME)";
				SWIFT_VERSION = 5.0;
				TARGETED_DEVICE_FAMILY = "1,2";
			};
			name = Release;
		};
		274B889B255CEE0D00F57966 /* Debug */ = {
			isa = XCBuildConfiguration;
			buildSettings = {
				ALWAYS_EMBED_SWIFT_STANDARD_LIBRARIES = YES;
				BUNDLE_LOADER = "$(TEST_HOST)";
				CODE_SIGN_STYLE = Automatic;
				DEVELOPMENT_TEAM = ST8VX96LAJ;
				INFOPLIST_FILE = "Favourite MapTests/Info.plist";
				IPHONEOS_DEPLOYMENT_TARGET = 14.0;
				LD_RUNPATH_SEARCH_PATHS = (
					"$(inherited)",
					"@executable_path/Frameworks",
					"@loader_path/Frameworks",
				);
				PRODUCT_BUNDLE_IDENTIFIER = "mk.code.Favourite-MapTests";
				PRODUCT_NAME = "$(TARGET_NAME)";
				SWIFT_VERSION = 5.0;
				TARGETED_DEVICE_FAMILY = "1,2";
				TEST_HOST = "$(BUILT_PRODUCTS_DIR)/Favourite Map.app/Favourite Map";
			};
			name = Debug;
		};
		274B889C255CEE0D00F57966 /* Release */ = {
			isa = XCBuildConfiguration;
			buildSettings = {
				ALWAYS_EMBED_SWIFT_STANDARD_LIBRARIES = YES;
				BUNDLE_LOADER = "$(TEST_HOST)";
				CODE_SIGN_STYLE = Automatic;
				DEVELOPMENT_TEAM = ST8VX96LAJ;
				INFOPLIST_FILE = "Favourite MapTests/Info.plist";
				IPHONEOS_DEPLOYMENT_TARGET = 14.0;
				LD_RUNPATH_SEARCH_PATHS = (
					"$(inherited)",
					"@executable_path/Frameworks",
					"@loader_path/Frameworks",
				);
				PRODUCT_BUNDLE_IDENTIFIER = "mk.code.Favourite-MapTests";
				PRODUCT_NAME = "$(TARGET_NAME)";
				SWIFT_VERSION = 5.0;
				TARGETED_DEVICE_FAMILY = "1,2";
				TEST_HOST = "$(BUILT_PRODUCTS_DIR)/Favourite Map.app/Favourite Map";
			};
			name = Release;
		};
		274B889E255CEE0D00F57966 /* Debug */ = {
			isa = XCBuildConfiguration;
			buildSettings = {
				ALWAYS_EMBED_SWIFT_STANDARD_LIBRARIES = YES;
				CODE_SIGN_STYLE = Automatic;
				DEVELOPMENT_TEAM = ST8VX96LAJ;
				INFOPLIST_FILE = "Favourite MapUITests/Info.plist";
				LD_RUNPATH_SEARCH_PATHS = (
					"$(inherited)",
					"@executable_path/Frameworks",
					"@loader_path/Frameworks",
				);
				PRODUCT_BUNDLE_IDENTIFIER = "mk.code.Favourite-MapUITests";
				PRODUCT_NAME = "$(TARGET_NAME)";
				SWIFT_VERSION = 5.0;
				TARGETED_DEVICE_FAMILY = "1,2";
				TEST_TARGET_NAME = "Favourite Map";
			};
			name = Debug;
		};
		274B889F255CEE0D00F57966 /* Release */ = {
			isa = XCBuildConfiguration;
			buildSettings = {
				ALWAYS_EMBED_SWIFT_STANDARD_LIBRARIES = YES;
				CODE_SIGN_STYLE = Automatic;
				DEVELOPMENT_TEAM = ST8VX96LAJ;
				INFOPLIST_FILE = "Favourite MapUITests/Info.plist";
				LD_RUNPATH_SEARCH_PATHS = (
					"$(inherited)",
					"@executable_path/Frameworks",
					"@loader_path/Frameworks",
				);
				PRODUCT_BUNDLE_IDENTIFIER = "mk.code.Favourite-MapUITests";
				PRODUCT_NAME = "$(TARGET_NAME)";
				SWIFT_VERSION = 5.0;
				TARGETED_DEVICE_FAMILY = "1,2";
				TEST_TARGET_NAME = "Favourite Map";
			};
			name = Release;
		};
/* End XCBuildConfiguration section */

/* Begin XCConfigurationList section */
		274B8865255CEE0C00F57966 /* Build configuration list for PBXProject "Favourite Map" */ = {
			isa = XCConfigurationList;
			buildConfigurations = (
				274B8895255CEE0D00F57966 /* Debug */,
				274B8896255CEE0D00F57966 /* Release */,
			);
			defaultConfigurationIsVisible = 0;
			defaultConfigurationName = Release;
		};
		274B8897255CEE0D00F57966 /* Build configuration list for PBXNativeTarget "Favourite Map" */ = {
			isa = XCConfigurationList;
			buildConfigurations = (
				274B8898255CEE0D00F57966 /* Debug */,
				274B8899255CEE0D00F57966 /* Release */,
			);
			defaultConfigurationIsVisible = 0;
			defaultConfigurationName = Release;
		};
		274B889A255CEE0D00F57966 /* Build configuration list for PBXNativeTarget "Favourite MapTests" */ = {
			isa = XCConfigurationList;
			buildConfigurations = (
				274B889B255CEE0D00F57966 /* Debug */,
				274B889C255CEE0D00F57966 /* Release */,
			);
			defaultConfigurationIsVisible = 0;
			defaultConfigurationName = Release;
		};
		274B889D255CEE0D00F57966 /* Build configuration list for PBXNativeTarget "Favourite MapUITests" */ = {
			isa = XCConfigurationList;
			buildConfigurations = (
				274B889E255CEE0D00F57966 /* Debug */,
				274B889F255CEE0D00F57966 /* Release */,
			);
			defaultConfigurationIsVisible = 0;
			defaultConfigurationName = Release;
		};
/* End XCConfigurationList section */

/* Begin XCVersionGroup section */
		274B8876255CEE0C00F57966 /* Favourite_Map.xcdatamodeld */ = {
			isa = XCVersionGroup;
			children = (
				274B8877255CEE0C00F57966 /* Favourite_Map.xcdatamodel */,
			);
			currentVersion = 274B8877255CEE0C00F57966 /* Favourite_Map.xcdatamodel */;
			path = Favourite_Map.xcdatamodeld;
			sourceTree = "<group>";
			versionGroupType = wrapper.xcdatamodel;
		};
/* End XCVersionGroup section */
	};
	rootObject = 274B8862255CEE0C00F57966 /* Project object */;
}
